
Microsoft Visual Studio Solution File, Format Version 12.00
# Visual Studio Version 17
VisualStudioVersion = 17.11.35312.102
MinimumVisualStudioVersion = 10.0.40219.1
Project("{FAE04EC0-301F-11D3-BF4B-00C04F79EFBC}") = "REST-API", "REST-API\REST-API.csproj", "{EE53958B-42AD-48FD-8249-8EB6305C72D1}"
EndProject
Global
	GlobalSection(SolutionConfigurationPlatforms) = preSolution
		Debug|Any CPU = Debug|Any CPU
		Release|Any CPU = Release|Any CPU
	EndGlobalSection
	GlobalSection(ProjectConfigurationPlatforms) = postSolution
		{EE53958B-42AD-48FD-8249-8EB6305C72D1}.Debug|Any CPU.ActiveCfg = Debug|Any CPU
		{EE53958B-42AD-48FD-8249-8EB6305C72D1}.Debug|Any CPU.Build.0 = Debug|Any CPU
		{EE53958B-42AD-48FD-8249-8EB6305C72D1}.Release|Any CPU.ActiveCfg = Release|Any CPU
		{EE53958B-42AD-48FD-8249-8EB6305C72D1}.Release|Any CPU.Build.0 = Release|Any CPU
	EndGlobalSection
	GlobalSection(SolutionProperties) = preSolution
		HideSolutionNode = FALSE
	EndGlobalSection
	GlobalSection(ExtensibilityGlobals) = postSolution
		SolutionGuid = {20D3C6B2-BCC0-48AB-9FEF-FC9167215073}
	EndGlobalSection
EndGlobal
